{
  "nodes": {
    "nixpkgs": {
      "locked": {
        "lastModified": 1619407843,
        "narHash": "sha256-7fim7DeSKmWZYgOdINUttvKmXVOykelLFkUVV+4eVqQ=",
        "owner": "NixOS",
        "repo": "nixpkgs",
        "rev": "34463b2e3875fade97b61180b7676654ddad49fe",
        "type": "github"
      },
      "original": {
        "id": "nixpkgs",
        "type": "indirect"
      }
    },
    "root": {
      "inputs": {
        "nixpkgs": "nixpkgs"
      }
    }
  },
  "root": "root",
  "version": 7
}
